// !$*UTF8*$!
{
	archiveVersion = 1;
	classes = {
	};
	objectVersion = 46;
	objects = {

/* Begin PBXBuildFile section */
		39648054185A7FB50091D35E /* Foundation.framework in Frameworks */ = {isa = PBXBuildFile; fileRef = 39648053185A7FB50091D35E /* Foundation.framework */; };
		39648056185A7FB50091D35E /* CoreGraphics.framework in Frameworks */ = {isa = PBXBuildFile; fileRef = 39648055185A7FB50091D35E /* CoreGraphics.framework */; };
		39648058185A7FB50091D35E /* UIKit.framework in Frameworks */ = {isa = PBXBuildFile; fileRef = 39648057185A7FB50091D35E /* UIKit.framework */; };
		3964805E185A7FB50091D35E /* InfoPlist.strings in Resources */ = {isa = PBXBuildFile; fileRef = 3964805C185A7FB50091D35E /* InfoPlist.strings */; };
		39648060185A7FB50091D35E /* main.m in Sources */ = {isa = PBXBuildFile; fileRef = 3964805F185A7FB50091D35E /* main.m */; };
		39648064185A7FB50091D35E /* AppDelegate.m in Sources */ = {isa = PBXBuildFile; fileRef = 39648063185A7FB50091D35E /* AppDelegate.m */; };
		39648067185A7FB50091D35E /* Main_iPhone.storyboard in Resources */ = {isa = PBXBuildFile; fileRef = 39648065185A7FB50091D35E /* Main_iPhone.storyboard */; };
		3964806A185A7FB60091D35E /* Main_iPad.storyboard in Resources */ = {isa = PBXBuildFile; fileRef = 39648068185A7FB60091D35E /* Main_iPad.storyboard */; };
		3964806D185A7FB60091D35E /* ViewController.m in Sources */ = {isa = PBXBuildFile; fileRef = 3964806C185A7FB60091D35E /* ViewController.m */; };
		3964806F185A7FB60091D35E /* Images.xcassets in Resources */ = {isa = PBXBuildFile; fileRef = 3964806E185A7FB60091D35E /* Images.xcassets */; };
		39648076185A7FB60091D35E /* XCTest.framework in Frameworks */ = {isa = PBXBuildFile; fileRef = 39648075185A7FB60091D35E /* XCTest.framework */; };
		39648077185A7FB60091D35E /* Foundation.framework in Frameworks */ = {isa = PBXBuildFile; fileRef = 39648053185A7FB50091D35E /* Foundation.framework */; };
		39648078185A7FB60091D35E /* UIKit.framework in Frameworks */ = {isa = PBXBuildFile; fileRef = 39648057185A7FB50091D35E /* UIKit.framework */; };
		39648080185A7FB60091D35E /* InfoPlist.strings in Resources */ = {isa = PBXBuildFile; fileRef = 3964807E185A7FB60091D35E /* InfoPlist.strings */; };
		39648082185A7FB60091D35E /* DomHomeTests.m in Sources */ = {isa = PBXBuildFile; fileRef = 39648081185A7FB60091D35E /* DomHomeTests.m */; };
		3989F611185A835100C011E7 /* info-icone-6635-32.png in Resources */ = {isa = PBXBuildFile; fileRef = 3989F610185A835100C011E7 /* info-icone-6635-32.png */; };
		3989F612185A835100C011E7 /* info-icone-6635-32.png in Resources */ = {isa = PBXBuildFile; fileRef = 3989F610185A835100C011E7 /* info-icone-6635-32.png */; };
		3989F614185A835900C011E7 /* accueil-icone-9107-32.png in Resources */ = {isa = PBXBuildFile; fileRef = 3989F613185A835900C011E7 /* accueil-icone-9107-32.png */; };
		3989F615185A835900C011E7 /* accueil-icone-9107-32.png in Resources */ = {isa = PBXBuildFile; fileRef = 3989F613185A835900C011E7 /* accueil-icone-9107-32.png */; };
/* End PBXBuildFile section */

/* Begin PBXContainerItemProxy section */
		39648079185A7FB60091D35E /* PBXContainerItemProxy */ = {
			isa = PBXContainerItemProxy;
			containerPortal = 39648048185A7FB50091D35E /* Project object */;
			proxyType = 1;
			remoteGlobalIDString = 3964804F185A7FB50091D35E;
			remoteInfo = DomHome;
		};
/* End PBXContainerItemProxy section */

/* Begin PBXFileReference section */
		39648050185A7FB50091D35E /* DomHome.app */ = {isa = PBXFileReference; explicitFileType = wrapper.application; includeInIndex = 0; path = DomHome.app; sourceTree = BUILT_PRODUCTS_DIR; };
		39648053185A7FB50091D35E /* Foundation.framework */ = {isa = PBXFileReference; lastKnownFileType = wrapper.framework; name = Foundation.framework; path = System/Library/Frameworks/Foundation.framework; sourceTree = SDKROOT; };
		39648055185A7FB50091D35E /* CoreGraphics.framework */ = {isa = PBXFileReference; lastKnownFileType = wrapper.framework; name = CoreGraphics.framework; path = System/Library/Frameworks/CoreGraphics.framework; sourceTree = SDKROOT; };
		39648057185A7FB50091D35E /* UIKit.framework */ = {isa = PBXFileReference; lastKnownFileType = wrapper.framework; name = UIKit.framework; path = System/Library/Frameworks/UIKit.framework; sourceTree = SDKROOT; };
		3964805B185A7FB50091D35E /* DomHome-Info.plist */ = {isa = PBXFileReference; lastKnownFileType = text.plist.xml; path = "DomHome-Info.plist"; sourceTree = "<group>"; };
		3964805D185A7FB50091D35E /* en */ = {isa = PBXFileReference; lastKnownFileType = text.plist.strings; name = en; path = en.lproj/InfoPlist.strings; sourceTree = "<group>"; };
		3964805F185A7FB50091D35E /* main.m */ = {isa = PBXFileReference; lastKnownFileType = sourcecode.c.objc; path = main.m; sourceTree = "<group>"; };
		39648061185A7FB50091D35E /* DomHome-Prefix.pch */ = {isa = PBXFileReference; lastKnownFileType = sourcecode.c.h; path = "DomHome-Prefix.pch"; sourceTree = "<group>"; };
		39648062185A7FB50091D35E /* AppDelegate.h */ = {isa = PBXFileReference; lastKnownFileType = sourcecode.c.h; path = AppDelegate.h; sourceTree = "<group>"; };
		39648063185A7FB50091D35E /* AppDelegate.m */ = {isa = PBXFileReference; lastKnownFileType = sourcecode.c.objc; path = AppDelegate.m; sourceTree = "<group>"; };
		39648066185A7FB50091D35E /* Base */ = {isa = PBXFileReference; lastKnownFileType = file.storyboard; name = Base; path = Base.lproj/Main_iPhone.storyboard; sourceTree = "<group>"; };
		39648069185A7FB60091D35E /* Base */ = {isa = PBXFileReference; lastKnownFileType = file.storyboard; name = Base; path = Base.lproj/Main_iPad.storyboard; sourceTree = "<group>"; };
		3964806B185A7FB60091D35E /* ViewController.h */ = {isa = PBXFileReference; lastKnownFileType = sourcecode.c.h; path = ViewController.h; sourceTree = "<group>"; };
		3964806C185A7FB60091D35E /* ViewController.m */ = {isa = PBXFileReference; lastKnownFileType = sourcecode.c.objc; path = ViewController.m; sourceTree = "<group>"; };
		3964806E185A7FB60091D35E /* Images.xcassets */ = {isa = PBXFileReference; lastKnownFileType = folder.assetcatalog; path = Images.xcassets; sourceTree = "<group>"; };
		39648074185A7FB60091D35E /* DomHomeTests.xctest */ = {isa = PBXFileReference; explicitFileType = wrapper.cfbundle; includeInIndex = 0; path = DomHomeTests.xctest; sourceTree = BUILT_PRODUCTS_DIR; };
		39648075185A7FB60091D35E /* XCTest.framework */ = {isa = PBXFileReference; lastKnownFileType = wrapper.framework; name = XCTest.framework; path = Library/Frameworks/XCTest.framework; sourceTree = DEVELOPER_DIR; };
		3964807D185A7FB60091D35E /* DomHomeTests-Info.plist */ = {isa = PBXFileReference; lastKnownFileType = text.plist.xml; path = "DomHomeTests-Info.plist"; sourceTree = "<group>"; };
		3964807F185A7FB60091D35E /* en */ = {isa = PBXFileReference; lastKnownFileType = text.plist.strings; name = en; path = en.lproj/InfoPlist.strings; sourceTree = "<group>"; };
		39648081185A7FB60091D35E /* DomHomeTests.m */ = {isa = PBXFileReference; lastKnownFileType = sourcecode.c.objc; path = DomHomeTests.m; sourceTree = "<group>"; };
		3989F610185A835100C011E7 /* info-icone-6635-32.png */ = {isa = PBXFileReference; lastKnownFileType = image.png; path = "info-icone-6635-32.png"; sourceTree = "<group>"; };
		3989F613185A835900C011E7 /* accueil-icone-9107-32.png */ = {isa = PBXFileReference; lastKnownFileType = image.png; path = "accueil-icone-9107-32.png"; sourceTree = "<group>"; };
/* End PBXFileReference section */

/* Begin PBXFrameworksBuildPhase section */
		3964804D185A7FB50091D35E /* Frameworks */ = {
			isa = PBXFrameworksBuildPhase;
			buildActionMask = 2147483647;
			files = (
				39648056185A7FB50091D35E /* CoreGraphics.framework in Frameworks */,
				39648058185A7FB50091D35E /* UIKit.framework in Frameworks */,
				39648054185A7FB50091D35E /* Foundation.framework in Frameworks */,
			);
			runOnlyForDeploymentPostprocessing = 0;
		};
		39648071185A7FB60091D35E /* Frameworks */ = {
			isa = PBXFrameworksBuildPhase;
			buildActionMask = 2147483647;
			files = (
				39648076185A7FB60091D35E /* XCTest.framework in Frameworks */,
				39648078185A7FB60091D35E /* UIKit.framework in Frameworks */,
				39648077185A7FB60091D35E /* Foundation.framework in Frameworks */,
			);
			runOnlyForDeploymentPostprocessing = 0;
		};
/* End PBXFrameworksBuildPhase section */

/* Begin PBXGroup section */
		39648047185A7FB50091D35E = {
			isa = PBXGroup;
			children = (
				39648059185A7FB50091D35E /* DomHome */,
				3964807B185A7FB60091D35E /* DomHomeTests */,
				39648052185A7FB50091D35E /* Frameworks */,
				39648051185A7FB50091D35E /* Products */,
			);
			sourceTree = "<group>";
		};
		39648051185A7FB50091D35E /* Products */ = {
			isa = PBXGroup;
			children = (
				39648050185A7FB50091D35E /* DomHome.app */,
				39648074185A7FB60091D35E /* DomHomeTests.xctest */,
			);
			name = Products;
			sourceTree = "<group>";
		};
		39648052185A7FB50091D35E /* Frameworks */ = {
			isa = PBXGroup;
			children = (
				39648053185A7FB50091D35E /* Foundation.framework */,
				39648055185A7FB50091D35E /* CoreGraphics.framework */,
				39648057185A7FB50091D35E /* UIKit.framework */,
				39648075185A7FB60091D35E /* XCTest.framework */,
			);
			name = Frameworks;
			sourceTree = "<group>";
		};
		39648059185A7FB50091D35E /* DomHome */ = {
			isa = PBXGroup;
			children = (
				3989F613185A835900C011E7 /* accueil-icone-9107-32.png */,
				3989F610185A835100C011E7 /* info-icone-6635-32.png */,
				39648062185A7FB50091D35E /* AppDelegate.h */,
				39648063185A7FB50091D35E /* AppDelegate.m */,
				39648065185A7FB50091D35E /* Main_iPhone.storyboard */,
				39648068185A7FB60091D35E /* Main_iPad.storyboard */,
				3964806B185A7FB60091D35E /* ViewController.h */,
				3964806C185A7FB60091D35E /* ViewController.m */,
				3964806E185A7FB60091D35E /* Images.xcassets */,
				3964805A185A7FB50091D35E /* Supporting Files */,
			);
			path = DomHome;
			sourceTree = "<group>";
		};
		3964805A185A7FB50091D35E /* Supporting Files */ = {
			isa = PBXGroup;
			children = (
				3964805B185A7FB50091D35E /* DomHome-Info.plist */,
				3964805C185A7FB50091D35E /* InfoPlist.strings */,
				3964805F185A7FB50091D35E /* main.m */,
				39648061185A7FB50091D35E /* DomHome-Prefix.pch */,
			);
			name = "Supporting Files";
			sourceTree = "<group>";
		};
		3964807B185A7FB60091D35E /* DomHomeTests */ = {
			isa = PBXGroup;
			children = (
				39648081185A7FB60091D35E /* DomHomeTests.m */,
				3964807C185A7FB60091D35E /* Supporting Files */,
			);
			path = DomHomeTests;
			sourceTree = "<group>";
		};
		3964807C185A7FB60091D35E /* Supporting Files */ = {
			isa = PBXGroup;
			children = (
				3964807D185A7FB60091D35E /* DomHomeTests-Info.plist */,
				3964807E185A7FB60091D35E /* InfoPlist.strings */,
			);
			name = "Supporting Files";
			sourceTree = "<group>";
		};
/* End PBXGroup section */

/* Begin PBXNativeTarget section */
		3964804F185A7FB50091D35E /* DomHome */ = {
			isa = PBXNativeTarget;
			buildConfigurationList = 39648085185A7FB60091D35E /* Build configuration list for PBXNativeTarget "DomHome" */;
			buildPhases = (
				3964804C185A7FB50091D35E /* Sources */,
				3964804D185A7FB50091D35E /* Frameworks */,
				3964804E185A7FB50091D35E /* Resources */,
			);
			buildRules = (
			);
			dependencies = (
			);
			name = DomHome;
			productName = DomHome;
			productReference = 39648050185A7FB50091D35E /* DomHome.app */;
			productType = "com.apple.product-type.application";
		};
		39648073185A7FB60091D35E /* DomHomeTests */ = {
			isa = PBXNativeTarget;
			buildConfigurationList = 39648088185A7FB60091D35E /* Build configuration list for PBXNativeTarget "DomHomeTests" */;
			buildPhases = (
				39648070185A7FB60091D35E /* Sources */,
				39648071185A7FB60091D35E /* Frameworks */,
				39648072185A7FB60091D35E /* Resources */,
			);
			buildRules = (
			);
			dependencies = (
				3964807A185A7FB60091D35E /* PBXTargetDependency */,
			);
			name = DomHomeTests;
			productName = DomHomeTests;
			productReference = 39648074185A7FB60091D35E /* DomHomeTests.xctest */;
			productType = "com.apple.product-type.bundle.unit-test";
		};
/* End PBXNativeTarget section */

/* Begin PBXProject section */
		39648048185A7FB50091D35E /* Project object */ = {
			isa = PBXProject;
			attributes = {
				LastUpgradeCheck = 0500;
				ORGANIZATIONNAME = Loiu92;
				TargetAttributes = {
					3964804F185A7FB50091D35E = {
						DevelopmentTeam = AZP2488EG7;
						SystemCapabilities = {
							com.apple.BackgroundModes = {
								enabled = 1;
							};
						};
					};
					39648073185A7FB60091D35E = {
						TestTargetID = 3964804F185A7FB50091D35E;
					};
				};
			};
			buildConfigurationList = 3964804B185A7FB50091D35E /* Build configuration list for PBXProject "DomHome" */;
			compatibilityVersion = "Xcode 3.2";
			developmentRegion = English;
			hasScannedForEncodings = 0;
			knownRegions = (
				en,
				Base,
			);
			mainGroup = 39648047185A7FB50091D35E;
			productRefGroup = 39648051185A7FB50091D35E /* Products */;
			projectDirPath = "";
			projectRoot = "";
			targets = (
				3964804F185A7FB50091D35E /* DomHome */,
				39648073185A7FB60091D35E /* DomHomeTests */,
			);
		};
/* End PBXProject section */

/* Begin PBXResourcesBuildPhase section */
		3964804E185A7FB50091D35E /* Resources */ = {
			isa = PBXResourcesBuildPhase;
			buildActionMask = 2147483647;
			files = (
				3964806A185A7FB60091D35E /* Main_iPad.storyboard in Resources */,
				3964806F185A7FB60091D35E /* Images.xcassets in Resources */,
				3989F611185A835100C011E7 /* info-icone-6635-32.png in Resources */,
				3989F614185A835900C011E7 /* accueil-icone-9107-32.png in Resources */,
				39648067185A7FB50091D35E /* Main_iPhone.storyboard in Resources */,
				3964805E185A7FB50091D35E /* InfoPlist.strings in Resources */,
			);
			runOnlyForDeploymentPostprocessing = 0;
		};
		39648072185A7FB60091D35E /* Resources */ = {
			isa = PBXResourcesBuildPhase;
			buildActionMask = 2147483647;
			files = (
				3989F615185A835900C011E7 /* accueil-icone-9107-32.png in Resources */,
				39648080185A7FB60091D35E /* InfoPlist.strings in Resources */,
				3989F612185A835100C011E7 /* info-icone-6635-32.png in Resources */,
			);
			runOnlyForDeploymentPostprocessing = 0;
		};
/* End PBXResourcesBuildPhase section */

/* Begin PBXSourcesBuildPhase section */
		3964804C185A7FB50091D35E /* Sources */ = {
			isa = PBXSourcesBuildPhase;
			buildActionMask = 2147483647;
			files = (
				3964806D185A7FB60091D35E /* ViewController.m in Sources */,
				39648064185A7FB50091D35E /* AppDelegate.m in Sources */,
				39648060185A7FB50091D35E /* main.m in Sources */,
			);
			runOnlyForDeploymentPostprocessing = 0;
		};
		39648070185A7FB60091D35E /* Sources */ = {
			isa = PBXSourcesBuildPhase;
			buildActionMask = 2147483647;
			files = (
				39648082185A7FB60091D35E /* DomHomeTests.m in Sources */,
			);
			runOnlyForDeploymentPostprocessing = 0;
		};
/* End PBXSourcesBuildPhase section */

/* Begin PBXTargetDependency section */
		3964807A185A7FB60091D35E /* PBXTargetDependency */ = {
			isa = PBXTargetDependency;
			target = 3964804F185A7FB50091D35E /* DomHome */;
			targetProxy = 39648079185A7FB60091D35E /* PBXContainerItemProxy */;
		};
/* End PBXTargetDependency section */

/* Begin PBXVariantGroup section */
		3964805C185A7FB50091D35E /* InfoPlist.strings */ = {
			isa = PBXVariantGroup;
			children = (
				3964805D185A7FB50091D35E /* en */,
			);
			name = InfoPlist.strings;
			sourceTree = "<group>";
		};
		39648065185A7FB50091D35E /* Main_iPhone.storyboard */ = {
			isa = PBXVariantGroup;
			children = (
				39648066185A7FB50091D35E /* Base */,
			);
			name = Main_iPhone.storyboard;
			sourceTree = "<group>";
		};
		39648068185A7FB60091D35E /* Main_iPad.storyboard */ = {
			isa = PBXVariantGroup;
			children = (
				39648069185A7FB60091D35E /* Base */,
			);
			name = Main_iPad.storyboard;
			sourceTree = "<group>";
		};
		3964807E185A7FB60091D35E /* InfoPlist.strings */ = {
			isa = PBXVariantGroup;
			children = (
				3964807F185A7FB60091D35E /* en */,
			);
			name = InfoPlist.strings;
			sourceTree = "<group>";
		};
/* End PBXVariantGroup section */

/* Begin XCBuildConfiguration section */
		39648083185A7FB60091D35E /* Debug */ = {
			isa = XCBuildConfiguration;
			buildSettings = {
				ALWAYS_SEARCH_USER_PATHS = NO;
				ARCHS = "$(ARCHS_STANDARD_INCLUDING_64_BIT)";
				CLANG_CXX_LANGUAGE_STANDARD = "gnu++0x";
				CLANG_CXX_LIBRARY = "libc++";
				CLANG_ENABLE_MODULES = YES;
				CLANG_ENABLE_OBJC_ARC = YES;
				CLANG_WARN_BOOL_CONVERSION = YES;
				CLANG_WARN_CONSTANT_CONVERSION = YES;
				CLANG_WARN_DIRECT_OBJC_ISA_USAGE = YES_ERROR;
				CLANG_WARN_EMPTY_BODY = YES;
				CLANG_WARN_ENUM_CONVERSION = YES;
				CLANG_WARN_INT_CONVERSION = YES;
				CLANG_WARN_OBJC_ROOT_CLASS = YES_ERROR;
				CLANG_WARN__DUPLICATE_METHOD_MATCH = YES;
				"CODE_SIGN_IDENTITY[sdk=iphoneos*]" = "iPhone Developer";
				COPY_PHASE_STRIP = NO;
				GCC_C_LANGUAGE_STANDARD = gnu99;
				GCC_DYNAMIC_NO_PIC = NO;
				GCC_OPTIMIZATION_LEVEL = 0;
				GCC_PREPROCESSOR_DEFINITIONS = (
					"DEBUG=1",
					"$(inherited)",
				);
				GCC_SYMBOLS_PRIVATE_EXTERN = NO;
				GCC_WARN_64_TO_32_BIT_CONVERSION = YES;
				GCC_WARN_ABOUT_RETURN_TYPE = YES_ERROR;
				GCC_WARN_UNDECLARED_SELECTOR = YES;
				GCC_WARN_UNINITIALIZED_AUTOS = YES;
				GCC_WARN_UNUSED_FUNCTION = YES;
				GCC_WARN_UNUSED_VARIABLE = YES;
				IPHONEOS_DEPLOYMENT_TARGET = 7.0;
				ONLY_ACTIVE_ARCH = YES;
				SDKROOT = iphoneos;
				TARGETED_DEVICE_FAMILY = "1,2";
			};
			name = Debug;
		};
		39648084185A7FB60091D35E /* Release */ = {
			isa = XCBuildConfiguration;
			buildSettings = {
				ALWAYS_SEARCH_USER_PATHS = NO;
				ARCHS = "$(ARCHS_STANDARD_INCLUDING_64_BIT)";
				CLANG_CXX_LANGUAGE_STANDARD = "gnu++0x";
				CLANG_CXX_LIBRARY = "libc++";
				CLANG_ENABLE_MODULES = YES;
				CLANG_ENABLE_OBJC_ARC = YES;
				CLANG_WARN_BOOL_CONVERSION = YES;
				CLANG_WARN_CONSTANT_CONVERSION = YES;
				CLANG_WARN_DIRECT_OBJC_ISA_USAGE = YES_ERROR;
				CLANG_WARN_EMPTY_BODY = YES;
				CLANG_WARN_ENUM_CONVERSION = YES;
				CLANG_WARN_INT_CONVERSION = YES;
				CLANG_WARN_OBJC_ROOT_CLASS = YES_ERROR;
				CLANG_WARN__DUPLICATE_METHOD_MATCH = YES;
				"CODE_SIGN_IDENTITY[sdk=iphoneos*]" = "iPhone Developer";
				COPY_PHASE_STRIP = YES;
				ENABLE_NS_ASSERTIONS = NO;
				GCC_C_LANGUAGE_STANDARD = gnu99;
				GCC_WARN_64_TO_32_BIT_CONVERSION = YES;
				GCC_WARN_ABOUT_RETURN_TYPE = YES_ERROR;
				GCC_WARN_UNDECLARED_SELECTOR = YES;
				GCC_WARN_UNINITIALIZED_AUTOS = YES;
				GCC_WARN_UNUSED_FUNCTION = YES;
				GCC_WARN_UNUSED_VARIABLE = YES;
				IPHONEOS_DEPLOYMENT_TARGET = 7.0;
				SDKROOT = iphoneos;
				TARGETED_DEVICE_FAMILY = "1,2";
				VALIDATE_PRODUCT = YES;
			};
			name = Release;
		};
		39648086185A7FB60091D35E /* Debug */ = {
			isa = XCBuildConfiguration;
			buildSettings = {
				ASSETCATALOG_COMPILER_APPICON_NAME = AppIcon;
				ASSETCATALOG_COMPILER_LAUNCHIMAGE_NAME = LaunchImage;
				CODE_SIGN_IDENTITY = "iPhone Developer";
				"CODE_SIGN_IDENTITY[sdk=iphoneos*]" = "iPhone Developer";
				GCC_PRECOMPILE_PREFIX_HEADER = YES;
				GCC_PREFIX_HEADER = "DomHome/DomHome-Prefix.pch";
				INFOPLIST_FILE = "DomHome/DomHome-Info.plist";
				IPHONEOS_DEPLOYMENT_TARGET = 6.0;
				PRODUCT_NAME = "$(TARGET_NAME)";
				PROVISIONING_PROFILE = "";
				TARGETED_DEVICE_FAMILY = "1,2";
				WRAPPER_EXTENSION = app;
			};
			name = Debug;
		};
		39648087185A7FB60091D35E /* Release */ = {
			isa = XCBuildConfiguration;
			buildSettings = {
				ASSETCATALOG_COMPILER_APPICON_NAME = AppIcon;
				ASSETCATALOG_COMPILER_LAUNCHIMAGE_NAME = LaunchImage;
				CODE_SIGN_IDENTITY = "iPhone Developer";
				"CODE_SIGN_IDENTITY[sdk=iphoneos*]" = "iPhone Developer";
				GCC_PRECOMPILE_PREFIX_HEADER = YES;
				GCC_PREFIX_HEADER = "DomHome/DomHome-Prefix.pch";
				INFOPLIST_FILE = "DomHome/DomHome-Info.plist";
				IPHONEOS_DEPLOYMENT_TARGET = 6.0;
				PRODUCT_NAME = "$(TARGET_NAME)";
				PROVISIONING_PROFILE = "";
				TARGETED_DEVICE_FAMILY = "1,2";
				WRAPPER_EXTENSION = app;
			};
			name = Release;
		};
		39648089185A7FB60091D35E /* Debug */ = {
			isa = XCBuildConfiguration;
			buildSettings = {
				ARCHS = "$(ARCHS_STANDARD_INCLUDING_64_BIT)";
				BUNDLE_LOADER = "$(BUILT_PRODUCTS_DIR)/DomHome.app/DomHome";
				FRAMEWORK_SEARCH_PATHS = (
					"$(SDKROOT)/Developer/Library/Frameworks",
					"$(inherited)",
					"$(DEVELOPER_FRAMEWORKS_DIR)",
				);
				GCC_PRECOMPILE_PREFIX_HEADER = YES;
				GCC_PREFIX_HEADER = "DomHome/DomHome-Prefix.pch";
				GCC_PREPROCESSOR_DEFINITIONS = (
					"DEBUG=1",
					"$(inherited)",
				);
				INFOPLIST_FILE = "DomHomeTests/DomHomeTests-Info.plist";
				PRODUCT_NAME = "$(TARGET_NAME)";
				TEST_HOST = "$(BUNDLE_LOADER)";
				WRAPPER_EXTENSION = xctest;
			};
			name = Debug;
		};
		3964808A185A7FB60091D35E /* Release */ = {
			isa = XCBuildConfiguration;
			buildSettings = {
				ARCHS = "$(ARCHS_STANDARD_INCLUDING_64_BIT)";
				BUNDLE_LOADER = "$(BUILT_PRODUCTS_DIR)/DomHome.app/DomHome";
				FRAMEWORK_SEARCH_PATHS = (
					"$(SDKROOT)/Developer/Library/Frameworks",
					"$(inherited)",
					"$(DEVELOPER_FRAMEWORKS_DIR)",
				);
				GCC_PRECOMPILE_PREFIX_HEADER = YES;
				GCC_PREFIX_HEADER = "DomHome/DomHome-Prefix.pch";
				INFOPLIST_FILE = "DomHomeTests/DomHomeTests-Info.plist";
				PRODUCT_NAME = "$(TARGET_NAME)";
				TEST_HOST = "$(BUNDLE_LOADER)";
				WRAPPER_EXTENSION = xctest;
			};
			name = Release;
		};
/* End XCBuildConfiguration section */

/* Begin XCConfigurationList section */
		3964804B185A7FB50091D35E /* Build configuration list for PBXProject "DomHome" */ = {
			isa = XCConfigurationList;
			buildConfigurations = (
				39648083185A7FB60091D35E /* Debug */,
				39648084185A7FB60091D35E /* Release */,
			);
			defaultConfigurationIsVisible = 0;
			defaultConfigurationName = Release;
		};
		39648085185A7FB60091D35E /* Build configuration list for PBXNativeTarget "DomHome" */ = {
			isa = XCConfigurationList;
			buildConfigurations = (
				39648086185A7FB60091D35E /* Debug */,
				39648087185A7FB60091D35E /* Release */,
			);
			defaultConfigurationIsVisible = 0;
			defaultConfigurationName = Release;
		};
		39648088185A7FB60091D35E /* Build configuration list for PBXNativeTarget "DomHomeTests" */ = {
			isa = XCConfigurationList;
			buildConfigurations = (
				39648089185A7FB60091D35E /* Debug */,
				3964808A185A7FB60091D35E /* Release */,
			);
			defaultConfigurationIsVisible = 0;
			defaultConfigurationName = Release;
		};
/* End XCConfigurationList section */
	};
	rootObject = 39648048185A7FB50091D35E /* Project object */;
}
